// !$*UTF8*$!
{
	archiveVersion = 1;
	classes = {
	};
	objectVersion = 77;
	objects = {

/* Begin PBXBuildFile section */
		848712C22FDBE86400C3FAFB /* Auth in Frameworks */ = {isa = PBXBuildFile; productRef = 848712C12FDBE86400C3FAFB /* Auth */; };
		848712C42FDBE86400C3FAFB /* Functions in Frameworks */ = {isa = PBXBuildFile; productRef = 848712C32FDBE86400C3FAFB /* Functions */; };
		848712C62FDBE86400C3FAFB /* PostgREST in Frameworks */ = {isa = PBXBuildFile; productRef = 848712C52FDBE86400C3FAFB /* PostgREST */; };
		848712C82FDBE86400C3FAFB /* Realtime in Frameworks */ = {isa = PBXBuildFile; productRef = 848712C72FDBE86400C3FAFB /* Realtime */; };
		848712CA2FDBE86400C3FAFB /* Storage in Frameworks */ = {isa = PBXBuildFile; productRef = 848712C92FDBE86400C3FAFB /* Storage */; };
		848712CD2FDBE86F00C3FAFB /* Supabase in Frameworks */ = {isa = PBXBuildFile; productRef = 848712CC2FDBE86F00C3FAFB /* Supabase */; };
		848712D02FDBE87000C3FAFB /* onnxruntime in Frameworks */ = {isa = PBXBuildFile; productRef = 848712CF2FDBE87000C3FAFB /* onnxruntime */; };
/* End PBXBuildFile section */

/* Begin PBXFileReference section */
		848710032FDBE6A500C3FAFB /* CreateO.app */ = {isa = PBXFileReference; explicitFileType = wrapper.application; includeInIndex = 0; path = CreateO.app; sourceTree = BUILT_PRODUCTS_DIR; };
/* End PBXFileReference section */

/* Begin PBXFileSystemSynchronizedRootGroup section */
		848710052FDBE6A500C3FAFB /* CreateO */ = {
			isa = PBXFileSystemSynchronizedRootGroup;
			path = CreateO;
			sourceTree = "<group>";
		};
/* End PBXFileSystemSynchronizedRootGroup section */

/* Begin PBXFrameworksBuildPhase section */
		848710002FDBE6A500C3FAFB /* Frameworks */ = {
			isa = PBXFrameworksBuildPhase;
			buildActionMask = 2147483647;
			files = (
				848712C62FDBE86400C3FAFB /* PostgREST in Frameworks */,
				848712C42FDBE86400C3FAFB /* Functions in Frameworks */,
				848712CD2FDBE86F00C3FAFB /* Supabase in Frameworks */,
				848712C22FDBE86400C3FAFB /* Auth in Frameworks */,
				848712CA2FDBE86400C3FAFB /* Storage in Frameworks */,
				848712C82FDBE86400C3FAFB /* Realtime in Frameworks */,
				848712D02FDBE87000C3FAFB /* onnxruntime in Frameworks */,
			);
			runOnlyForDeploymentPostprocessing = 0;
		};
/* End PBXFrameworksBuildPhase section */

/* Begin PBXGroup section */
		84870FFA2FDBE6A500C3FAFB = {
			isa = PBXGroup;
			children = (
				848710052FDBE6A500C3FAFB /* CreateO */,
				848712CB2FDBE86F00C3FAFB /* Frameworks */,
				848710042FDBE6A500C3FAFB /* Products */,
			);
			sourceTree = "<group>";
		};
		848710042FDBE6A500C3FAFB /* Products */ = {
			isa = PBXGroup;
			children = (
				848710032FDBE6A500C3FAFB /* CreateO.app */,
			);
			name = Products;
			sourceTree = "<group>";
		};
		848712CB2FDBE86F00C3FAFB /* Frameworks */ = {
			isa = PBXGroup;
			children = (
			);
			name = Frameworks;
			sourceTree = "<group>";
		};
/* End PBXGroup section */

/* Begin PBXNativeTarget section */
		848710022FDBE6A500C3FAFB /* CreateO */ = {
			isa = PBXNativeTarget;
			buildConfigurationList = 8487100E2FDBE6A600C3FAFB /* Build configuration list for PBXNativeTarget "CreateO" */;
			buildPhases = (
				84870FFF2FDBE6A500C3FAFB /* Sources */,
				848710002FDBE6A500C3FAFB /* Frameworks */,
				848710012FDBE6A500C3FAFB /* Resources */,
			);
			buildRules = (
			);
			dependencies = (
			);
			fileSystemSynchronizedGroups = (
				848710052FDBE6A500C3FAFB /* CreateO */,
			);
			name = CreateO;
			packageProductDependencies = (
				848712C12FDBE86400C3FAFB /* Auth */,
				848712C32FDBE86400C3FAFB /* Functions */,
				848712C52FDBE86400C3FAFB /* PostgREST */,
				848712C72FDBE86400C3FAFB /* Realtime */,
				848712C92FDBE86400C3FAFB /* Storage */,
				848712CC2FDBE86F00C3FAFB /* Supabase */,
			);
			productName = CreateO;
			productReference = 848710032FDBE6A500C3FAFB /* CreateO.app */;
			productType = "com.apple.product-type.application";
		};
/* End PBXNativeTarget section */

/* Begin PBXProject section */
		84870FFB2FDBE6A500C3FAFB /* Project object */ = {
			isa = PBXProject;
			attributes = {
				BuildIndependentTargetsInParallel = 1;
				LastSwiftUpdateCheck = 2620;
				LastUpgradeCheck = 2620;
				TargetAttributes = {
					848710022FDBE6A500C3FAFB = {
						CreatedOnToolsVersion = 26.2;
					};
				};
			};
			buildConfigurationList = 84870FFE2FDBE6A500C3FAFB /* Build configuration list for PBXProject "CreateO" */;
			developmentRegion = en;
			hasScannedForEncodings = 0;
			knownRegions = (
				en,
				Base,
			);
			mainGroup = 84870FFA2FDBE6A500C3FAFB;
			minimizedProjectReferenceProxies = 1;
			packageReferences = (
				848712C02FDBE86400C3FAFB /* XCRemoteSwiftPackageReference "supabase-swift" */,
				848712CE2FDBE87000C3FAFB /* XCRemoteSwiftPackageReference "onnxruntime-swift-package-manager" */,
			);
			preferredProjectObjectVersion = 77;
			productRefGroup = 848710042FDBE6A500C3FAFB /* Products */;
			projectDirPath = "";
			projectRoot = "";
			targets = (
				848710022FDBE6A500C3FAFB /* CreateO */,
			);
		};
/* End PBXProject section */

/* Begin PBXResourcesBuildPhase section */
		848710012FDBE6A500C3FAFB /* Resources */ = {
			isa = PBXResourcesBuildPhase;
			buildActionMask = 2147483647;
			files = (
			);
			runOnlyForDeploymentPostprocessing = 0;
		};
/* End PBXResourcesBuildPhase section */

/* Begin PBXSourcesBuildPhase section */
		84870FFF2FDBE6A500C3FAFB /* Sources */ = {
			isa = PBXSourcesBuildPhase;
			buildActionMask = 2147483647;
			files = (
			);
			runOnlyForDeploymentPostprocessing = 0;
		};
/* End PBXSourcesBuildPhase section */

/* Begin XCBuildConfiguration section */
		8487100C2FDBE6A600C3FAFB /* Debug */ = {
			isa = XCBuildConfiguration;
			buildSettings = {
				ALWAYS_SEARCH_USER_PATHS = NO;
				ASSETCATALOG_COMPILER_GENERATE_SWIFT_ASSET_SYMBOL_EXTENSIONS = YES;
				CLANG_ANALYZER_NONNULL = YES;
				CLANG_ANALYZER_NUMBER_OBJECT_CONVERSION = YES_AGGRESSIVE;
				CLANG_CXX_LANGUAGE_STANDARD = "gnu++20";
				CLANG_ENABLE_MODULES = YES;
				CLANG_ENABLE_OBJC_ARC = YES;
				CLANG_ENABLE_OBJC_WEAK = YES;
				CLANG_WARN_BLOCK_CAPTURE_AUTORELEASING = YES;
				CLANG_WARN_BOOL_CONVERSION = YES;
				CLANG_WARN_COMMA = YES;
				CLANG_WARN_CONSTANT_CONVERSION = YES;
				CLANG_WARN_DEPRECATED_OBJC_IMPLEMENTATIONS = YES;
				CLANG_WARN_DIRECT_OBJC_ISA_USAGE = YES_ERROR;
				CLANG_WARN_DOCUMENTATION_COMMENTS = YES;
				CLANG_WARN_EMPTY_BODY = YES;
				CLANG_WARN_ENUM_CONVERSION = YES;
				CLANG_WARN_INFINITE_RECURSION = YES;
				CLANG_WARN_INT_CONVERSION = YES;
				CLANG_WARN_NON_LITERAL_NULL_CONVERSION = YES;
				CLANG_WARN_OBJC_IMPLICIT_RETAIN_SELF = YES;
				CLANG_WARN_OBJC_LITERAL_CONVERSION = YES;
				CLANG_WARN_OBJC_ROOT_CLASS = YES_ERROR;
				CLANG_WARN_QUOTED_INCLUDE_IN_FRAMEWORK_HEADER = YES;
				CLANG_WARN_RANGE_LOOP_ANALYSIS = YES;
				CLANG_WARN_STRICT_PROTOTYPES = YES;
				CLANG_WARN_SUSPICIOUS_MOVE = YES;
				CLANG_WARN_UNGUARDED_AVAILABILITY = YES_AGGRESSIVE;
				CLANG_WARN_UNREACHABLE_CODE = YES;
				CLANG_WARN__DUPLICATE_METHOD_MATCH = YES;
				COPY_PHASE_STRIP = NO;
				DEBUG_INFORMATION_FORMAT = dwarf;
				DEVELOPMENT_TEAM = 2VTNM75JDU;
				ENABLE_STRICT_OBJC_MSGSEND = YES;
				ENABLE_TESTABILITY = YES;
				ENABLE_USER_SCRIPT_SANDBOXING = YES;
				GCC_C_LANGUAGE_STANDARD = gnu17;
				GCC_DYNAMIC_NO_PIC = NO;
				GCC_NO_COMMON_BLOCKS = YES;
				GCC_OPTIMIZATION_LEVEL = 0;
				GCC_PREPROCESSOR_DEFINITIONS = (
					"DEBUG=1",
					"$(inherited)",
				);
				GCC_WARN_64_TO_32_BIT_CONVERSION = YES;
				GCC_WARN_ABOUT_RETURN_TYPE = YES_ERROR;
				GCC_WARN_UNDECLARED_SELECTOR = YES;
				GCC_WARN_UNINITIALIZED_AUTOS = YES_AGGRESSIVE;
				GCC_WARN_UNUSED_FUNCTION = YES;
				GCC_WARN_UNUSED_VARIABLE = YES;
				IPHONEOS_DEPLOYMENT_TARGET = 26.2;
				LOCALIZATION_PREFERS_STRING_CATALOGS = YES;
				MTL_ENABLE_DEBUG_INFO = INCLUDE_SOURCE;
				MTL_FAST_MATH = YES;
				ONLY_ACTIVE_ARCH = YES;
				SDKROOT = iphoneos;
				SWIFT_ACTIVE_COMPILATION_CONDITIONS = "DEBUG $(inherited)";
				SWIFT_OPTIMIZATION_LEVEL = "-Onone";
			};
			name = Debug;
		};
		8487100D2FDBE6A600C3FAFB /* Release */ = {
			isa = XCBuildConfiguration;
			buildSettings = {
				ALWAYS_SEARCH_USER_PATHS = NO;
				ASSETCATALOG_COMPILER_GENERATE_SWIFT_ASSET_SYMBOL_EXTENSIONS = YES;
				CLANG_ANALYZER_NONNULL = YES;
				CLANG_ANALYZER_NUMBER_OBJECT_CONVERSION = YES_AGGRESSIVE;
				CLANG_CXX_LANGUAGE_STANDARD = "gnu++20";
				CLANG_ENABLE_MODULES = YES;
				CLANG_ENABLE_OBJC_ARC = YES;
				CLANG_ENABLE_OBJC_WEAK = YES;
				CLANG_WARN_BLOCK_CAPTURE_AUTORELEASING = YES;
				CLANG_WARN_BOOL_CONVERSION = YES;
				CLANG_WARN_COMMA = YES;
				CLANG_WARN_CONSTANT_CONVERSION = YES;
				CLANG_WARN_DEPRECATED_OBJC_IMPLEMENTATIONS = YES;
				CLANG_WARN_DIRECT_OBJC_ISA_USAGE = YES_ERROR;
				CLANG_WARN_DOCUMENTATION_COMMENTS = YES;
				CLANG_WARN_EMPTY_BODY = YES;
				CLANG_WARN_ENUM_CONVERSION = YES;
				CLANG_WARN_INFINITE_RECURSION = YES;
				CLANG_WARN_INT_CONVERSION = YES;
				CLANG_WARN_NON_LITERAL_NULL_CONVERSION = YES;
				CLANG_WARN_OBJC_IMPLICIT_RETAIN_SELF = YES;
				CLANG_WARN_OBJC_LITERAL_CONVERSION = YES;
				CLANG_WARN_OBJC_ROOT_CLASS = YES_ERROR;
				CLANG_WARN_QUOTED_INCLUDE_IN_FRAMEWORK_HEADER = YES;
				CLANG_WARN_RANGE_LOOP_ANALYSIS = YES;
				CLANG_WARN_STRICT_PROTOTYPES = YES;
				CLANG_WARN_SUSPICIOUS_MOVE = YES;
				CLANG_WARN_UNGUARDED_AVAILABILITY = YES_AGGRESSIVE;
				CLANG_WARN_UNREACHABLE_CODE = YES;
				CLANG_WARN__DUPLICATE_METHOD_MATCH = YES;
				COPY_PHASE_STRIP = NO;
				DEBUG_INFORMATION_FORMAT = "dwarf-with-dsym";
				DEVELOPMENT_TEAM = 2VTNM75JDU;
				ENABLE_NS_ASSERTIONS = NO;
				ENABLE_STRICT_OBJC_MSGSEND = YES;
				ENABLE_USER_SCRIPT_SANDBOXING = YES;
				GCC_C_LANGUAGE_STANDARD = gnu17;
				GCC_NO_COMMON_BLOCKS = YES;
				GCC_WARN_64_TO_32_BIT_CONVERSION = YES;
				GCC_WARN_ABOUT_RETURN_TYPE = YES_ERROR;
				GCC_WARN_UNDECLARED_SELECTOR = YES;
				GCC_WARN_UNINITIALIZED_AUTOS = YES_AGGRESSIVE;
				GCC_WARN_UNUSED_FUNCTION = YES;
				GCC_WARN_UNUSED_VARIABLE = YES;
				IPHONEOS_DEPLOYMENT_TARGET = 26.2;
				LOCALIZATION_PREFERS_STRING_CATALOGS = YES;
				MTL_ENABLE_DEBUG_INFO = NO;
				MTL_FAST_MATH = YES;
				SDKROOT = iphoneos;
				SWIFT_COMPILATION_MODE = wholemodule;
				VALIDATE_PRODUCT = YES;
			};
			name = Release;
		};
		8487100F2FDBE6A600C3FAFB /* Debug */ = {
			isa = XCBuildConfiguration;
			buildSettings = {
				ASSETCATALOG_COMPILER_APPICON_NAME = AppIcon;
				ASSETCATALOG_COMPILER_GLOBAL_ACCENT_COLOR_NAME = AccentColor;
				CODE_SIGN_STYLE = Automatic;
				CURRENT_PROJECT_VERSION = 1;
				DEVELOPMENT_TEAM = 73B8W4ZN6V;
				ENABLE_PREVIEWS = YES;
				GENERATE_INFOPLIST_FILE = YES;
				INFOPLIST_KEY_NSCameraUsageDescription = "We need camera access so you can take a photo and edit it.";
				INFOPLIST_KEY_NSPhotoLibraryAddUsageDescription = "We need permission to save the edited image.";
				INFOPLIST_KEY_UIApplicationSceneManifest_Generation = YES;
				INFOPLIST_KEY_UIApplicationSupportsIndirectInputEvents = YES;
				INFOPLIST_KEY_UILaunchScreen_Generation = YES;
				INFOPLIST_KEY_UISupportedInterfaceOrientations_iPad = "UIInterfaceOrientationPortrait UIInterfaceOrientationPortraitUpsideDown UIInterfaceOrientationLandscapeLeft UIInterfaceOrientationLandscapeRight";
				INFOPLIST_KEY_UISupportedInterfaceOrientations_iPhone = "UIInterfaceOrientationPortrait UIInterfaceOrientationLandscapeLeft UIInterfaceOrientationLandscapeRight";
				LD_RUNPATH_SEARCH_PATHS = (
					"$(inherited)",
					"@executable_path/Frameworks",
				);
				MARKETING_VERSION = 1.0;
				PRODUCT_BUNDLE_IDENTIFIER = in.galgotias1.CreateO1;
				PRODUCT_NAME = "$(TARGET_NAME)";
				STRING_CATALOG_GENERATE_SYMBOLS = YES;
				SWIFT_APPROACHABLE_CONCURRENCY = YES;
				SWIFT_DEFAULT_ACTOR_ISOLATION = MainActor;
				SWIFT_EMIT_LOC_STRINGS = YES;
				SWIFT_UPCOMING_FEATURE_MEMBER_IMPORT_VISIBILITY = YES;
				SWIFT_VERSION = 5.0;
				TARGETED_DEVICE_FAMILY = "1,2";
			};
			name = Debug;
		};
		848710102FDBE6A600C3FAFB /* Release */ = {
			isa = XCBuildConfiguration;
			buildSettings = {
				ASSETCATALOG_COMPILER_APPICON_NAME = AppIcon;
				ASSETCATALOG_COMPILER_GLOBAL_ACCENT_COLOR_NAME = AccentColor;
				CODE_SIGN_STYLE = Automatic;
				CURRENT_PROJECT_VERSION = 1;
				DEVELOPMENT_TEAM = 73B8W4ZN6V;
				ENABLE_PREVIEWS = YES;
				GENERATE_INFOPLIST_FILE = YES;
				INFOPLIST_KEY_NSCameraUsageDescription = "We need camera access so you can take a photo and edit it.";
				INFOPLIST_KEY_NSPhotoLibraryAddUsageDescription = "We need permission to save the edited image.";
				INFOPLIST_KEY_UIApplicationSceneManifest_Generation = YES;
				INFOPLIST_KEY_UIApplicationSupportsIndirectInputEvents = YES;
				INFOPLIST_KEY_UILaunchScreen_Generation = YES;
				INFOPLIST_KEY_UISupportedInterfaceOrientations_iPad = "UIInterfaceOrientationPortrait UIInterfaceOrientationPortraitUpsideDown UIInterfaceOrientationLandscapeLeft UIInterfaceOrientationLandscapeRight";
				INFOPLIST_KEY_UISupportedInterfaceOrientations_iPhone = "UIInterfaceOrientationPortrait UIInterfaceOrientationLandscapeLeft UIInterfaceOrientationLandscapeRight";
				LD_RUNPATH_SEARCH_PATHS = (
					"$(inherited)",
					"@executable_path/Frameworks",
				);
				MARKETING_VERSION = 1.0;
				PRODUCT_BUNDLE_IDENTIFIER = in.galgotias1.CreateO1;
				PRODUCT_NAME = "$(TARGET_NAME)";
				STRING_CATALOG_GENERATE_SYMBOLS = YES;
				SWIFT_APPROACHABLE_CONCURRENCY = YES;
				SWIFT_DEFAULT_ACTOR_ISOLATION = MainActor;
				SWIFT_EMIT_LOC_STRINGS = YES;
				SWIFT_UPCOMING_FEATURE_MEMBER_IMPORT_VISIBILITY = YES;
				SWIFT_VERSION = 5.0;
				TARGETED_DEVICE_FAMILY = "1,2";
			};
			name = Release;
		};
/* End XCBuildConfiguration section */

/* Begin XCConfigurationList section */
		84870FFE2FDBE6A500C3FAFB /* Build configuration list for PBXProject "CreateO" */ = {
			isa = XCConfigurationList;
			buildConfigurations = (
				8487100C2FDBE6A600C3FAFB /* Debug */,
				8487100D2FDBE6A600C3FAFB /* Release */,
			);
			defaultConfigurationIsVisible = 0;
			defaultConfigurationName = Release;
		};
		8487100E2FDBE6A600C3FAFB /* Build configuration list for PBXNativeTarget "CreateO" */ = {
			isa = XCConfigurationList;
			buildConfigurations = (
				8487100F2FDBE6A600C3FAFB /* Debug */,
				848710102FDBE6A600C3FAFB /* Release */,
			);
			defaultConfigurationIsVisible = 0;
			defaultConfigurationName = Release;
		};
/* End XCConfigurationList section */

/* Begin XCRemoteSwiftPackageReference section */
		848712C02FDBE86400C3FAFB /* XCRemoteSwiftPackageReference "supabase-swift" */ = {
			isa = XCRemoteSwiftPackageReference;
			repositoryURL = "https://github.com/supabase/supabase-swift.git";
			requirement = {
				kind = upToNextMajorVersion;
				minimumVersion = 2.5.1;
			};
		};
		848712CE2FDBE87000C3FAFB /* XCRemoteSwiftPackageReference "onnxruntime-swift-package-manager" */ = {
			isa = XCRemoteSwiftPackageReference;
			repositoryURL = "https://github.com/microsoft/onnxruntime-swift-package-manager";
			requirement = {
				kind = upToNextMajorVersion;
				minimumVersion = 1.24.2;
			};
		};
/* End XCRemoteSwiftPackageReference section */

/* Begin XCSwiftPackageProductDependency section */
		848712C12FDBE86400C3FAFB /* Auth */ = {
			isa = XCSwiftPackageProductDependency;
			package = 848712C02FDBE86400C3FAFB /* XCRemoteSwiftPackageReference "supabase-swift" */;
			productName = Auth;
		};
		848712C32FDBE86400C3FAFB /* Functions */ = {
			isa = XCSwiftPackageProductDependency;
			package = 848712C02FDBE86400C3FAFB /* XCRemoteSwiftPackageReference "supabase-swift" */;
			productName = Functions;
		};
		848712C52FDBE86400C3FAFB /* PostgREST */ = {
			isa = XCSwiftPackageProductDependency;
			package = 848712C02FDBE86400C3FAFB /* XCRemoteSwiftPackageReference "supabase-swift" */;
			productName = PostgREST;
		};
		848712C72FDBE86400C3FAFB /* Realtime */ = {
			isa = XCSwiftPackageProductDependency;
			package = 848712C02FDBE86400C3FAFB /* XCRemoteSwiftPackageReference "supabase-swift" */;
			productName = Realtime;
		};
		848712C92FDBE86400C3FAFB /* Storage */ = {
			isa = XCSwiftPackageProductDependency;
			package = 848712C02FDBE86400C3FAFB /* XCRemoteSwiftPackageReference "supabase-swift" */;
			productName = Storage;
		};
		848712CC2FDBE86F00C3FAFB /* Supabase */ = {
			isa = XCSwiftPackageProductDependency;
			package = 848712C02FDBE86400C3FAFB /* XCRemoteSwiftPackageReference "supabase-swift" */;
			productName = Supabase;
		};
		848712CF2FDBE87000C3FAFB /* onnxruntime */ = {
			isa = XCSwiftPackageProductDependency;
			package = 848712CE2FDBE87000C3FAFB /* XCRemoteSwiftPackageReference "onnxruntime-swift-package-manager" */;
			productName = onnxruntime;
		};
/* End XCSwiftPackageProductDependency section */
	};
	rootObject = 84870FFB2FDBE6A500C3FAFB /* Project object */;
}
